
Microsoft Visual Studio Solution File, Format Version 12.00
# Visual Studio 15
VisualStudioVersion = 15.0.27428.2002
MinimumVisualStudioVersion = 10.0.40219.1
Project("{FAE04EC0-301F-11D3-BF4B-00C04F79EFBC}") = "TaskMulth1", "TaskMulth\TaskMulth1.csproj", "{A8F7270C-A498-4FC0-AACB-5EEC03666C36}"
EndProject
Project("{FAE04EC0-301F-11D3-BF4B-00C04F79EFBC}") = "TaskMulth2", "TaskMulth2\TaskMulth2.csproj", "{8D9B37F2-FB30-404A-8FC8-FBC53499B59B}"
EndProject
Global
	GlobalSection(SolutionConfigurationPlatforms) = preSolution
		Debug|Any CPU = Debug|Any CPU
		Release|Any CPU = Release|Any CPU
	EndGlobalSection
	GlobalSection(ProjectConfigurationPlatforms) = postSolution
		{A8F7270C-A498-4FC0-AACB-5EEC03666C36}.Debug|Any CPU.ActiveCfg = Debug|Any CPU
		{A8F7270C-A498-4FC0-AACB-5EEC03666C36}.Debug|Any CPU.Build.0 = Debug|Any CPU
		{A8F7270C-A498-4FC0-AACB-5EEC03666C36}.Release|Any CPU.ActiveCfg = Release|Any CPU
		{A8F7270C-A498-4FC0-AACB-5EEC03666C36}.Release|Any CPU.Build.0 = Release|Any CPU
		{8D9B37F2-FB30-404A-8FC8-FBC53499B59B}.Debug|Any CPU.ActiveCfg = Debug|Any CPU
		{8D9B37F2-FB30-404A-8FC8-FBC53499B59B}.Debug|Any CPU.Build.0 = Debug|Any CPU
		{8D9B37F2-FB30-404A-8FC8-FBC53499B59B}.Release|Any CPU.ActiveCfg = Release|Any CPU
		{8D9B37F2-FB30-404A-8FC8-FBC53499B59B}.Release|Any CPU.Build.0 = Release|Any CPU
	EndGlobalSection
	GlobalSection(SolutionProperties) = preSolution
		HideSolutionNode = FALSE
	EndGlobalSection
	GlobalSection(ExtensibilityGlobals) = postSolution
		SolutionGuid = {05AD2008-7BC0-4A13-A8F1-54C37E29F12D}
	EndGlobalSection
EndGlobal
